// !$*UTF8*$!
{
	archiveVersion = 1;
	classes = {
	};
	objectVersion = 52;
	objects = {

/* Begin PBXBuildFile section */
		060782B2250CE27700A87020 /* AppDelegate.swift in Sources */ = {isa = PBXBuildFile; fileRef = 060782B1250CE27700A87020 /* AppDelegate.swift */; };
		060782B4250CE27700A87020 /* SceneDelegate.swift in Sources */ = {isa = PBXBuildFile; fileRef = 060782B3250CE27700A87020 /* SceneDelegate.swift */; };
		060782B6250CE27700A87020 /* FeedController.swift in Sources */ = {isa = PBXBuildFile; fileRef = 060782B5250CE27700A87020 /* FeedController.swift */; };
		060782BB250CE27A00A87020 /* Assets.xcassets in Resources */ = {isa = PBXBuildFile; fileRef = 060782BA250CE27A00A87020 /* Assets.xcassets */; };
		060782BE250CE27A00A87020 /* LaunchScreen.storyboard in Resources */ = {isa = PBXBuildFile; fileRef = 060782BC250CE27A00A87020 /* LaunchScreen.storyboard */; };
		060782C6250CEB0A00A87020 /* InfoViewController.swift in Sources */ = {isa = PBXBuildFile; fileRef = 060782C5250CEB0A00A87020 /* InfoViewController.swift */; };
		060782C8250CEE5D00A87020 /* PostViewController.swift in Sources */ = {isa = PBXBuildFile; fileRef = 060782C7250CEE5D00A87020 /* PostViewController.swift */; };
		613F521BCB49813FB46FFA9D /* Pods_Navigation.framework in Frameworks */ = {isa = PBXBuildFile; fileRef = 5B61463FDF1D3BEBFC38A46E /* Pods_Navigation.framework */; };
		EF1B136A27CA24000070A9A0 /* FeedViewModuleFactory.swift in Sources */ = {isa = PBXBuildFile; fileRef = EF1B136927CA24000070A9A0 /* FeedViewModuleFactory.swift */; };
		EF1B136C27CA241A0070A9A0 /* ProfileViewModuleFactory.swift in Sources */ = {isa = PBXBuildFile; fileRef = EF1B136B27CA241A0070A9A0 /* ProfileViewModuleFactory.swift */; };
		EF1B136E27D623760070A9A0 /* BruteForce.swift in Sources */ = {isa = PBXBuildFile; fileRef = EF1B136D27D623760070A9A0 /* BruteForce.swift */; };
		EF1B137427E38E250070A9A0 /* AudioPlayerViewController.swift in Sources */ = {isa = PBXBuildFile; fileRef = EF1B137327E38E250070A9A0 /* AudioPlayerViewController.swift */; };
		EF1B137627E392DD0070A9A0 /* CustomPlayerButton.swift in Sources */ = {isa = PBXBuildFile; fileRef = EF1B137527E392DD0070A9A0 /* CustomPlayerButton.swift */; };
		EF1B137927E397570070A9A0 /* PuppetLooselyStrung_theCorrespondents.mp3 in Resources */ = {isa = PBXBuildFile; fileRef = EF1B137827E397570070A9A0 /* PuppetLooselyStrung_theCorrespondents.mp3 */; };
		EF1B137B27E446620070A9A0 /* Track.swift in Sources */ = {isa = PBXBuildFile; fileRef = EF1B137A27E446620070A9A0 /* Track.swift */; };
		EF1B137D27E446EE0070A9A0 /* TrackList.swift in Sources */ = {isa = PBXBuildFile; fileRef = EF1B137C27E446EE0070A9A0 /* TrackList.swift */; };
		EF1B138227E44E130070A9A0 /* IveNoMoreFucksToGive_ThomasBenjaminWild.mp3 in Resources */ = {isa = PBXBuildFile; fileRef = EF1B138027E44E130070A9A0 /* IveNoMoreFucksToGive_ThomasBenjaminWild.mp3 */; };
		EF1B138327E44E130070A9A0 /* HandMeMyShovelImGoingIn!_WillWood.mp3 in Resources */ = {isa = PBXBuildFile; fileRef = EF1B138127E44E130070A9A0 /* HandMeMyShovelImGoingIn!_WillWood.mp3 */; };
		EF1B138527E450860070A9A0 /* Razzmatazz_iDKHOW.mp3 in Resources */ = {isa = PBXBuildFile; fileRef = EF1B138427E450860070A9A0 /* Razzmatazz_iDKHOW.mp3 */; };
		EF1B138727E49CBC0070A9A0 /* MusicViewController.swift in Sources */ = {isa = PBXBuildFile; fileRef = EF1B138627E49CBC0070A9A0 /* MusicViewController.swift */; };
		EF1B138B27E4AFF10070A9A0 /* AGoodSongNeverDies_SaintMotel.mp3 in Resources */ = {isa = PBXBuildFile; fileRef = EF1B138A27E4AFF10070A9A0 /* AGoodSongNeverDies_SaintMotel.mp3 */; };
		EF1B138F27E4B69E0070A9A0 /* Video.swift in Sources */ = {isa = PBXBuildFile; fileRef = EF1B138E27E4B69E0070A9A0 /* Video.swift */; };
		EF1B139127E4B6CD0070A9A0 /* VideoPlaylist.swift in Sources */ = {isa = PBXBuildFile; fileRef = EF1B139027E4B6CD0070A9A0 /* VideoPlaylist.swift */; };
		EF1B139327E4BBD00070A9A0 /* VideoViewController.swift in Sources */ = {isa = PBXBuildFile; fileRef = EF1B139227E4BBD00070A9A0 /* VideoViewController.swift */; };
		EF1B139527E4CA0D0070A9A0 /* YoutubePlayerViewController.swift in Sources */ = {isa = PBXBuildFile; fileRef = EF1B139427E4CA0D0070A9A0 /* YoutubePlayerViewController.swift */; };
		EF1F96E7278414BF00112D0C /* iOSIntPackage in Frameworks */ = {isa = PBXBuildFile; productRef = EF1F96E6278414BF00112D0C /* iOSIntPackage */; };
		EF25DCB42691CD2500577166 /* LoginViewController.swift in Sources */ = {isa = PBXBuildFile; fileRef = EF25DCB32691CD2500577166 /* LoginViewController.swift */; };
		EF25DCB626A02A6E00577166 /* allPosts.swift in Sources */ = {isa = PBXBuildFile; fileRef = EF25DCB526A02A6E00577166 /* allPosts.swift */; };
		EF25DCB826A02AFC00577166 /* PostVK.swift in Sources */ = {isa = PBXBuildFile; fileRef = EF25DCB726A02AFC00577166 /* PostVK.swift */; };
		EF25DCBA26A02BBA00577166 /* PostTableViewCell.swift in Sources */ = {isa = PBXBuildFile; fileRef = EF25DCB926A02BBA00577166 /* PostTableViewCell.swift */; };
		EF25DCBD26A2FCAA00577166 /* ProfileTableHeaderView.swift in Sources */ = {isa = PBXBuildFile; fileRef = EF25DCBC26A2FCAA00577166 /* ProfileTableHeaderView.swift */; };
		EF25DCC126A4626300577166 /* PhotosCollectionViewCell.swift in Sources */ = {isa = PBXBuildFile; fileRef = EF25DCC026A4626300577166 /* PhotosCollectionViewCell.swift */; };
		EF25DCC326A462D000577166 /* PhotosViewController.swift in Sources */ = {isa = PBXBuildFile; fileRef = EF25DCC226A462D000577166 /* PhotosViewController.swift */; };
		EF25DCC626A466A600577166 /* allPhotos.swift in Sources */ = {isa = PBXBuildFile; fileRef = EF25DCC526A466A600577166 /* allPhotos.swift */; };
		EF25DCCA26A4754A00577166 /* PhotosTableViewCell.swift in Sources */ = {isa = PBXBuildFile; fileRef = EF25DCC926A4754A00577166 /* PhotosTableViewCell.swift */; };
		EF3D5A6327E5BD19007BF7D3 /* ProfilePresenter.swift in Sources */ = {isa = PBXBuildFile; fileRef = EF3D5A6227E5BD19007BF7D3 /* ProfilePresenter.swift */; };
		EF3D5A6927E5BEFE007BF7D3 /* FeedPresenter.swift in Sources */ = {isa = PBXBuildFile; fileRef = EF3D5A6827E5BEFE007BF7D3 /* FeedPresenter.swift */; };
		EF3D5A6B27E5C06D007BF7D3 /* LoginPresenter.swift in Sources */ = {isa = PBXBuildFile; fileRef = EF3D5A6A27E5C06D007BF7D3 /* LoginPresenter.swift */; };
		EF8B724F272585D80069457D /* TextFieldChecker.swift in Sources */ = {isa = PBXBuildFile; fileRef = EF8B724E272585D80069457D /* TextFieldChecker.swift */; };
		EFA9642B28151AAD0011DF91 /* VideoPresenter.swift in Sources */ = {isa = PBXBuildFile; fileRef = EFA9642A28151AAD0011DF91 /* VideoPresenter.swift */; };
		EFA9642D28151AC20011DF91 /* MusicPresenter.swift in Sources */ = {isa = PBXBuildFile; fileRef = EFA9642C28151AC10011DF91 /* MusicPresenter.swift */; };
		EFA9643028151ADD0011DF91 /* PhotosPresenter.swift in Sources */ = {isa = PBXBuildFile; fileRef = EFA9642F28151ADD0011DF91 /* PhotosPresenter.swift */; };
		EFA96435281677160011DF91 /* MusicViewModuleFactory.swift in Sources */ = {isa = PBXBuildFile; fileRef = EFA96434281677160011DF91 /* MusicViewModuleFactory.swift */; };
		EFA96437281677340011DF91 /* VideoViewModuleFactory.swift in Sources */ = {isa = PBXBuildFile; fileRef = EFA96436281677340011DF91 /* VideoViewModuleFactory.swift */; };
		EFA96439281677620011DF91 /* PhotosViewModuleFactory.swift in Sources */ = {isa = PBXBuildFile; fileRef = EFA96438281677620011DF91 /* PhotosViewModuleFactory.swift */; };
		EFAE39AE272D3C1B00723701 /* MainCoordinator.swift in Sources */ = {isa = PBXBuildFile; fileRef = EFAE39AD272D3C1B00723701 /* MainCoordinator.swift */; };
		EFAE39B0272D437900723701 /* FeedCoordinator.swift in Sources */ = {isa = PBXBuildFile; fileRef = EFAE39AF272D437900723701 /* FeedCoordinator.swift */; };
		EFAE39B2272D438600723701 /* ProfileCoordinator.swift in Sources */ = {isa = PBXBuildFile; fileRef = EFAE39B1272D438600723701 /* ProfileCoordinator.swift */; };
		EFAE39B42732C7A300723701 /* Coordinator.swift in Sources */ = {isa = PBXBuildFile; fileRef = EFAE39B32732C7A300723701 /* Coordinator.swift */; };
		EFAE39B62732D2F500723701 /* ModuleFactory.swift in Sources */ = {isa = PBXBuildFile; fileRef = EFAE39B52732D2F500723701 /* ModuleFactory.swift */; };
		EFAFCFFE26F3915400C74923 /* LogInChecker.swift in Sources */ = {isa = PBXBuildFile; fileRef = EFAFCFFD26F3915400C74923 /* LogInChecker.swift */; };
		EFAFD00026F5D78600C74923 /* LogInControllerDelegate.swift in Sources */ = {isa = PBXBuildFile; fileRef = EFAFCFFF26F5D78600C74923 /* LogInControllerDelegate.swift */; };
		EFAFD00226F5D8A000C74923 /* LoginInspector.swift in Sources */ = {isa = PBXBuildFile; fileRef = EFAFD00126F5D8A000C74923 /* LoginInspector.swift */; };
		EFAFD00426F6F0CE00C74923 /* LoginFactory.swift in Sources */ = {isa = PBXBuildFile; fileRef = EFAFD00326F6F0CE00C74923 /* LoginFactory.swift */; };
		EFCC66B12658E3C20090CD73 /* ProfileViewController.swift in Sources */ = {isa = PBXBuildFile; fileRef = EFCC66B02658E3C20090CD73 /* ProfileViewController.swift */; };
		EFCC66B32658E4070090CD73 /* ProfileHeaderView.swift in Sources */ = {isa = PBXBuildFile; fileRef = EFCC66B22658E4070090CD73 /* ProfileHeaderView.swift */; };
		EFCCFED726D68724007B4EBA /* StorageService.h in Headers */ = {isa = PBXBuildFile; fileRef = EFCCFEC726D68724007B4EBA /* StorageService.h */; settings = {ATTRIBUTES = (Public, ); }; };
		EFCCFEDA26D68724007B4EBA /* StorageService.framework in Frameworks */ = {isa = PBXBuildFile; fileRef = EFCCFEC526D68724007B4EBA /* StorageService.framework */; };
		EFCCFEDB26D68724007B4EBA /* StorageService.framework in Embed Frameworks */ = {isa = PBXBuildFile; fileRef = EFCCFEC526D68724007B4EBA /* StorageService.framework */; settings = {ATTRIBUTES = (CodeSignOnCopy, RemoveHeadersOnCopy, ); }; };
		EFCCFEE326D6878C007B4EBA /* Post.swift in Sources */ = {isa = PBXBuildFile; fileRef = 060782C9250CEE7200A87020 /* Post.swift */; };
		EFCCFEEE26DA6662007B4EBA /* User.swift in Sources */ = {isa = PBXBuildFile; fileRef = EFCCFEED26DA6662007B4EBA /* User.swift */; };
		EFCCFEF026DA6862007B4EBA /* UserService.swift in Sources */ = {isa = PBXBuildFile; fileRef = EFCCFEEF26DA6862007B4EBA /* UserService.swift */; };
		EFCCFEF226DA6905007B4EBA /* CurrentUserService.swift in Sources */ = {isa = PBXBuildFile; fileRef = EFCCFEF126DA6905007B4EBA /* CurrentUserService.swift */; };
		EFCCFEF526DA6B5B007B4EBA /* TestUserService.swift in Sources */ = {isa = PBXBuildFile; fileRef = EFCCFEF426DA6B5B007B4EBA /* TestUserService.swift */; };
		EFCCFEF726DA71A5007B4EBA /* addSubviews.swift in Sources */ = {isa = PBXBuildFile; fileRef = EFCCFEF626DA71A5007B4EBA /* addSubviews.swift */; };
		EFE64ED0271BF9C0009C8CC2 /* CustomButton.swift in Sources */ = {isa = PBXBuildFile; fileRef = EFE64ECF271BF9C0009C8CC2 /* CustomButton.swift */; };
		EFE64ED2271C4277009C8CC2 /* CustomTextFiled.swift in Sources */ = {isa = PBXBuildFile; fileRef = EFE64ED1271C4277009C8CC2 /* CustomTextFiled.swift */; };
/* End PBXBuildFile section */

/* Begin PBXContainerItemProxy section */
		EFCCFED826D68724007B4EBA /* PBXContainerItemProxy */ = {
			isa = PBXContainerItemProxy;
			containerPortal = 060782A6250CE27700A87020 /* Project object */;
			proxyType = 1;
			remoteGlobalIDString = EFCCFEC426D68724007B4EBA;
			remoteInfo = StorageService;
		};
/* End PBXContainerItemProxy section */

/* Begin PBXCopyFilesBuildPhase section */
		EFCCFEDC26D68724007B4EBA /* Embed Frameworks */ = {
			isa = PBXCopyFilesBuildPhase;
			buildActionMask = 2147483647;
			dstPath = "";
			dstSubfolderSpec = 10;
			files = (
				EFCCFEDB26D68724007B4EBA /* StorageService.framework in Embed Frameworks */,
			);
			name = "Embed Frameworks";
			runOnlyForDeploymentPostprocessing = 0;
		};
/* End PBXCopyFilesBuildPhase section */

/* Begin PBXFileReference section */
		060782AE250CE27700A87020 /* Navigation.app */ = {isa = PBXFileReference; explicitFileType = wrapper.application; includeInIndex = 0; path = Navigation.app; sourceTree = BUILT_PRODUCTS_DIR; };
		060782B1250CE27700A87020 /* AppDelegate.swift */ = {isa = PBXFileReference; lastKnownFileType = sourcecode.swift; path = AppDelegate.swift; sourceTree = "<group>"; };
		060782B3250CE27700A87020 /* SceneDelegate.swift */ = {isa = PBXFileReference; lastKnownFileType = sourcecode.swift; path = SceneDelegate.swift; sourceTree = "<group>"; };
		060782B5250CE27700A87020 /* FeedController.swift */ = {isa = PBXFileReference; lastKnownFileType = sourcecode.swift; path = FeedController.swift; sourceTree = "<group>"; };
		060782BA250CE27A00A87020 /* Assets.xcassets */ = {isa = PBXFileReference; lastKnownFileType = folder.assetcatalog; path = Assets.xcassets; sourceTree = "<group>"; };
		060782BD250CE27A00A87020 /* Base */ = {isa = PBXFileReference; lastKnownFileType = file.storyboard; name = Base; path = Base.lproj/LaunchScreen.storyboard; sourceTree = "<group>"; };
		060782BF250CE27A00A87020 /* Info.plist */ = {isa = PBXFileReference; lastKnownFileType = text.plist.xml; path = Info.plist; sourceTree = "<group>"; };
		060782C5250CEB0A00A87020 /* InfoViewController.swift */ = {isa = PBXFileReference; lastKnownFileType = sourcecode.swift; path = InfoViewController.swift; sourceTree = "<group>"; };
		060782C7250CEE5D00A87020 /* PostViewController.swift */ = {isa = PBXFileReference; lastKnownFileType = sourcecode.swift; path = PostViewController.swift; sourceTree = "<group>"; };
		060782C9250CEE7200A87020 /* Post.swift */ = {isa = PBXFileReference; lastKnownFileType = sourcecode.swift; path = Post.swift; sourceTree = "<group>"; };
		22254A967C8FC10DA6513A88 /* Pods-Navigation.debug.xcconfig */ = {isa = PBXFileReference; includeInIndex = 1; lastKnownFileType = text.xcconfig; name = "Pods-Navigation.debug.xcconfig"; path = "Target Support Files/Pods-Navigation/Pods-Navigation.debug.xcconfig"; sourceTree = "<group>"; };
		5B61463FDF1D3BEBFC38A46E /* Pods_Navigation.framework */ = {isa = PBXFileReference; explicitFileType = wrapper.framework; includeInIndex = 0; path = Pods_Navigation.framework; sourceTree = BUILT_PRODUCTS_DIR; };
		C2D3A9544C94E3C70DCDEF8A /* Pods-Navigation.release.xcconfig */ = {isa = PBXFileReference; includeInIndex = 1; lastKnownFileType = text.xcconfig; name = "Pods-Navigation.release.xcconfig"; path = "Target Support Files/Pods-Navigation/Pods-Navigation.release.xcconfig"; sourceTree = "<group>"; };
		EF1B136927CA24000070A9A0 /* FeedViewModuleFactory.swift */ = {isa = PBXFileReference; lastKnownFileType = sourcecode.swift; path = FeedViewModuleFactory.swift; sourceTree = "<group>"; };
		EF1B136B27CA241A0070A9A0 /* ProfileViewModuleFactory.swift */ = {isa = PBXFileReference; lastKnownFileType = sourcecode.swift; path = ProfileViewModuleFactory.swift; sourceTree = "<group>"; };
		EF1B136D27D623760070A9A0 /* BruteForce.swift */ = {isa = PBXFileReference; lastKnownFileType = sourcecode.swift; path = BruteForce.swift; sourceTree = "<group>"; };
		EF1B137327E38E250070A9A0 /* AudioPlayerViewController.swift */ = {isa = PBXFileReference; lastKnownFileType = sourcecode.swift; path = AudioPlayerViewController.swift; sourceTree = "<group>"; };
		EF1B137527E392DD0070A9A0 /* CustomPlayerButton.swift */ = {isa = PBXFileReference; lastKnownFileType = sourcecode.swift; path = CustomPlayerButton.swift; sourceTree = "<group>"; };
		EF1B137827E397570070A9A0 /* PuppetLooselyStrung_theCorrespondents.mp3 */ = {isa = PBXFileReference; lastKnownFileType = audio.mp3; path = PuppetLooselyStrung_theCorrespondents.mp3; sourceTree = "<group>"; };
		EF1B137A27E446620070A9A0 /* Track.swift */ = {isa = PBXFileReference; lastKnownFileType = sourcecode.swift; path = Track.swift; sourceTree = "<group>"; };
		EF1B137C27E446EE0070A9A0 /* TrackList.swift */ = {isa = PBXFileReference; lastKnownFileType = sourcecode.swift; path = TrackList.swift; sourceTree = "<group>"; };
		EF1B138027E44E130070A9A0 /* IveNoMoreFucksToGive_ThomasBenjaminWild.mp3 */ = {isa = PBXFileReference; lastKnownFileType = audio.mp3; path = IveNoMoreFucksToGive_ThomasBenjaminWild.mp3; sourceTree = "<group>"; };
		EF1B138127E44E130070A9A0 /* HandMeMyShovelImGoingIn!_WillWood.mp3 */ = {isa = PBXFileReference; lastKnownFileType = audio.mp3; path = "HandMeMyShovelImGoingIn!_WillWood.mp3"; sourceTree = "<group>"; };
		EF1B138427E450860070A9A0 /* Razzmatazz_iDKHOW.mp3 */ = {isa = PBXFileReference; lastKnownFileType = audio.mp3; path = Razzmatazz_iDKHOW.mp3; sourceTree = "<group>"; };
		EF1B138627E49CBC0070A9A0 /* MusicViewController.swift */ = {isa = PBXFileReference; lastKnownFileType = sourcecode.swift; path = MusicViewController.swift; sourceTree = "<group>"; };
		EF1B138A27E4AFF10070A9A0 /* AGoodSongNeverDies_SaintMotel.mp3 */ = {isa = PBXFileReference; lastKnownFileType = audio.mp3; path = AGoodSongNeverDies_SaintMotel.mp3; sourceTree = "<group>"; };
		EF1B138E27E4B69E0070A9A0 /* Video.swift */ = {isa = PBXFileReference; lastKnownFileType = sourcecode.swift; path = Video.swift; sourceTree = "<group>"; };
		EF1B139027E4B6CD0070A9A0 /* VideoPlaylist.swift */ = {isa = PBXFileReference; lastKnownFileType = sourcecode.swift; path = VideoPlaylist.swift; sourceTree = "<group>"; };
		EF1B139227E4BBD00070A9A0 /* VideoViewController.swift */ = {isa = PBXFileReference; lastKnownFileType = sourcecode.swift; path = VideoViewController.swift; sourceTree = "<group>"; };
		EF1B139427E4CA0D0070A9A0 /* YoutubePlayerViewController.swift */ = {isa = PBXFileReference; lastKnownFileType = sourcecode.swift; path = YoutubePlayerViewController.swift; sourceTree = "<group>"; };
		EF25DCB32691CD2500577166 /* LoginViewController.swift */ = {isa = PBXFileReference; lastKnownFileType = sourcecode.swift; path = LoginViewController.swift; sourceTree = "<group>"; };
		EF25DCB526A02A6E00577166 /* allPosts.swift */ = {isa = PBXFileReference; lastKnownFileType = sourcecode.swift; path = allPosts.swift; sourceTree = "<group>"; };
		EF25DCB726A02AFC00577166 /* PostVK.swift */ = {isa = PBXFileReference; lastKnownFileType = sourcecode.swift; path = PostVK.swift; sourceTree = "<group>"; };
		EF25DCB926A02BBA00577166 /* PostTableViewCell.swift */ = {isa = PBXFileReference; lastKnownFileType = sourcecode.swift; path = PostTableViewCell.swift; sourceTree = "<group>"; };
		EF25DCBC26A2FCAA00577166 /* ProfileTableHeaderView.swift */ = {isa = PBXFileReference; lastKnownFileType = sourcecode.swift; path = ProfileTableHeaderView.swift; sourceTree = "<group>"; };
		EF25DCC026A4626300577166 /* PhotosCollectionViewCell.swift */ = {isa = PBXFileReference; lastKnownFileType = sourcecode.swift; path = PhotosCollectionViewCell.swift; sourceTree = "<group>"; };
		EF25DCC226A462D000577166 /* PhotosViewController.swift */ = {isa = PBXFileReference; lastKnownFileType = sourcecode.swift; path = PhotosViewController.swift; sourceTree = "<group>"; };
		EF25DCC526A466A600577166 /* allPhotos.swift */ = {isa = PBXFileReference; lastKnownFileType = sourcecode.swift; path = allPhotos.swift; sourceTree = "<group>"; };
		EF25DCC926A4754A00577166 /* PhotosTableViewCell.swift */ = {isa = PBXFileReference; lastKnownFileType = sourcecode.swift; path = PhotosTableViewCell.swift; sourceTree = "<group>"; };
		EF3D5A6227E5BD19007BF7D3 /* ProfilePresenter.swift */ = {isa = PBXFileReference; lastKnownFileType = sourcecode.swift; path = ProfilePresenter.swift; sourceTree = "<group>"; };
		EF3D5A6827E5BEFE007BF7D3 /* FeedPresenter.swift */ = {isa = PBXFileReference; lastKnownFileType = sourcecode.swift; path = FeedPresenter.swift; sourceTree = "<group>"; };
		EF3D5A6A27E5C06D007BF7D3 /* LoginPresenter.swift */ = {isa = PBXFileReference; lastKnownFileType = sourcecode.swift; path = LoginPresenter.swift; sourceTree = "<group>"; };
		EF8B724E272585D80069457D /* TextFieldChecker.swift */ = {isa = PBXFileReference; lastKnownFileType = sourcecode.swift; path = TextFieldChecker.swift; sourceTree = "<group>"; };
		EFA9642A28151AAD0011DF91 /* VideoPresenter.swift */ = {isa = PBXFileReference; lastKnownFileType = sourcecode.swift; path = VideoPresenter.swift; sourceTree = "<group>"; };
		EFA9642C28151AC10011DF91 /* MusicPresenter.swift */ = {isa = PBXFileReference; lastKnownFileType = sourcecode.swift; path = MusicPresenter.swift; sourceTree = "<group>"; };
		EFA9642F28151ADD0011DF91 /* PhotosPresenter.swift */ = {isa = PBXFileReference; lastKnownFileType = sourcecode.swift; path = PhotosPresenter.swift; sourceTree = "<group>"; };
		EFA96434281677160011DF91 /* MusicViewModuleFactory.swift */ = {isa = PBXFileReference; lastKnownFileType = sourcecode.swift; path = MusicViewModuleFactory.swift; sourceTree = "<group>"; };
		EFA96436281677340011DF91 /* VideoViewModuleFactory.swift */ = {isa = PBXFileReference; lastKnownFileType = sourcecode.swift; path = VideoViewModuleFactory.swift; sourceTree = "<group>"; };
		EFA96438281677620011DF91 /* PhotosViewModuleFactory.swift */ = {isa = PBXFileReference; lastKnownFileType = sourcecode.swift; path = PhotosViewModuleFactory.swift; sourceTree = "<group>"; };
		EFAE39AD272D3C1B00723701 /* MainCoordinator.swift */ = {isa = PBXFileReference; lastKnownFileType = sourcecode.swift; path = MainCoordinator.swift; sourceTree = "<group>"; };
		EFAE39AF272D437900723701 /* FeedCoordinator.swift */ = {isa = PBXFileReference; lastKnownFileType = sourcecode.swift; path = FeedCoordinator.swift; sourceTree = "<group>"; };
		EFAE39B1272D438600723701 /* ProfileCoordinator.swift */ = {isa = PBXFileReference; lastKnownFileType = sourcecode.swift; path = ProfileCoordinator.swift; sourceTree = "<group>"; };
		EFAE39B32732C7A300723701 /* Coordinator.swift */ = {isa = PBXFileReference; lastKnownFileType = sourcecode.swift; path = Coordinator.swift; sourceTree = "<group>"; };
		EFAE39B52732D2F500723701 /* ModuleFactory.swift */ = {isa = PBXFileReference; lastKnownFileType = sourcecode.swift; path = ModuleFactory.swift; sourceTree = "<group>"; };
		EFAFCFFD26F3915400C74923 /* LogInChecker.swift */ = {isa = PBXFileReference; lastKnownFileType = sourcecode.swift; path = LogInChecker.swift; sourceTree = "<group>"; };
		EFAFCFFF26F5D78600C74923 /* LogInControllerDelegate.swift */ = {isa = PBXFileReference; lastKnownFileType = sourcecode.swift; path = LogInControllerDelegate.swift; sourceTree = "<group>"; };
		EFAFD00126F5D8A000C74923 /* LoginInspector.swift */ = {isa = PBXFileReference; lastKnownFileType = sourcecode.swift; path = LoginInspector.swift; sourceTree = "<group>"; };
		EFAFD00326F6F0CE00C74923 /* LoginFactory.swift */ = {isa = PBXFileReference; lastKnownFileType = sourcecode.swift; path = LoginFactory.swift; sourceTree = "<group>"; };
		EFCC66B02658E3C20090CD73 /* ProfileViewController.swift */ = {isa = PBXFileReference; lastKnownFileType = sourcecode.swift; path = ProfileViewController.swift; sourceTree = "<group>"; };
		EFCC66B22658E4070090CD73 /* ProfileHeaderView.swift */ = {isa = PBXFileReference; lastKnownFileType = sourcecode.swift; path = ProfileHeaderView.swift; sourceTree = "<group>"; };
		EFCCFEC526D68724007B4EBA /* StorageService.framework */ = {isa = PBXFileReference; explicitFileType = wrapper.framework; includeInIndex = 0; path = StorageService.framework; sourceTree = BUILT_PRODUCTS_DIR; };
		EFCCFEC726D68724007B4EBA /* StorageService.h */ = {isa = PBXFileReference; lastKnownFileType = sourcecode.c.h; path = StorageService.h; sourceTree = "<group>"; };
		EFCCFEC826D68724007B4EBA /* Info.plist */ = {isa = PBXFileReference; lastKnownFileType = text.plist.xml; path = Info.plist; sourceTree = "<group>"; };
		EFCCFEED26DA6662007B4EBA /* User.swift */ = {isa = PBXFileReference; lastKnownFileType = sourcecode.swift; path = User.swift; sourceTree = "<group>"; };
		EFCCFEEF26DA6862007B4EBA /* UserService.swift */ = {isa = PBXFileReference; lastKnownFileType = sourcecode.swift; path = UserService.swift; sourceTree = "<group>"; };
		EFCCFEF126DA6905007B4EBA /* CurrentUserService.swift */ = {isa = PBXFileReference; lastKnownFileType = sourcecode.swift; path = CurrentUserService.swift; sourceTree = "<group>"; };
		EFCCFEF426DA6B5B007B4EBA /* TestUserService.swift */ = {isa = PBXFileReference; lastKnownFileType = sourcecode.swift; path = TestUserService.swift; sourceTree = "<group>"; };
		EFCCFEF626DA71A5007B4EBA /* addSubviews.swift */ = {isa = PBXFileReference; lastKnownFileType = sourcecode.swift; path = addSubviews.swift; sourceTree = "<group>"; };
		EFE64ECF271BF9C0009C8CC2 /* CustomButton.swift */ = {isa = PBXFileReference; lastKnownFileType = sourcecode.swift; path = CustomButton.swift; sourceTree = "<group>"; };
		EFE64ED1271C4277009C8CC2 /* CustomTextFiled.swift */ = {isa = PBXFileReference; lastKnownFileType = sourcecode.swift; path = CustomTextFiled.swift; sourceTree = "<group>"; };
/* End PBXFileReference section */

/* Begin PBXFrameworksBuildPhase section */
		060782AB250CE27700A87020 /* Frameworks */ = {
			isa = PBXFrameworksBuildPhase;
			buildActionMask = 2147483647;
			files = (
				EF1F96E7278414BF00112D0C /* iOSIntPackage in Frameworks */,
				EFCCFEDA26D68724007B4EBA /* StorageService.framework in Frameworks */,
				613F521BCB49813FB46FFA9D /* Pods_Navigation.framework in Frameworks */,
			);
			runOnlyForDeploymentPostprocessing = 0;
		};
		EFCCFEC226D68724007B4EBA /* Frameworks */ = {
			isa = PBXFrameworksBuildPhase;
			buildActionMask = 2147483647;
			files = (
			);
			runOnlyForDeploymentPostprocessing = 0;
		};
/* End PBXFrameworksBuildPhase section */

/* Begin PBXGroup section */
		060782A5250CE27700A87020 = {
			isa = PBXGroup;
			children = (
				060782B0250CE27700A87020 /* Navigation */,
				EFCCFEC626D68724007B4EBA /* StorageService */,
				060782AF250CE27700A87020 /* Products */,
				C48ACA27FF55877EB069A784 /* Pods */,
				13A98E3D32C47B8FE073F0C0 /* Frameworks */,
			);
			sourceTree = "<group>";
		};
		060782AF250CE27700A87020 /* Products */ = {
			isa = PBXGroup;
			children = (
				060782AE250CE27700A87020 /* Navigation.app */,
				EFCCFEC526D68724007B4EBA /* StorageService.framework */,
			);
			name = Products;
			sourceTree = "<group>";
		};
		060782B0250CE27700A87020 /* Navigation */ = {
			isa = PBXGroup;
			children = (
				EFA964282809AEE80011DF91 /* Library */,
				EFA964262809AE880011DF91 /* Flows */,
				EF1B137227E38DC80070A9A0 /* Multimedia */,
				EF25DCCB26A6B85900577166 /* Storages */,
				EF25DCCC26A6B87400577166 /* Models */,
				060782B1250CE27700A87020 /* AppDelegate.swift */,
				060782B3250CE27700A87020 /* SceneDelegate.swift */,
				060782BA250CE27A00A87020 /* Assets.xcassets */,
				EF1B137727E3972C0070A9A0 /* Music */,
				060782BC250CE27A00A87020 /* LaunchScreen.storyboard */,
				060782BF250CE27A00A87020 /* Info.plist */,
			);
			path = Navigation;
			sourceTree = "<group>";
		};
		13A98E3D32C47B8FE073F0C0 /* Frameworks */ = {
			isa = PBXGroup;
			children = (
				5B61463FDF1D3BEBFC38A46E /* Pods_Navigation.framework */,
			);
			name = Frameworks;
			sourceTree = "<group>";
		};
		C48ACA27FF55877EB069A784 /* Pods */ = {
			isa = PBXGroup;
			children = (
				22254A967C8FC10DA6513A88 /* Pods-Navigation.debug.xcconfig */,
				C2D3A9544C94E3C70DCDEF8A /* Pods-Navigation.release.xcconfig */,
			);
			path = Pods;
			sourceTree = "<group>";
		};
		EF1B137227E38DC80070A9A0 /* Multimedia */ = {
			isa = PBXGroup;
			children = (
				EF25DCCE26A6B8DD00577166 /* Photos */,
				EF1B138D27E4B6630070A9A0 /* VideoPlayer */,
				EF1B138C27E4B6590070A9A0 /* AudioPlayer */,
			);
			path = Multimedia;
			sourceTree = "<group>";
		};
		EF1B137727E3972C0070A9A0 /* Music */ = {
			isa = PBXGroup;
			children = (
				EF1B137827E397570070A9A0 /* PuppetLooselyStrung_theCorrespondents.mp3 */,
				EF1B138027E44E130070A9A0 /* IveNoMoreFucksToGive_ThomasBenjaminWild.mp3 */,
				EF1B138A27E4AFF10070A9A0 /* AGoodSongNeverDies_SaintMotel.mp3 */,
				EF1B138127E44E130070A9A0 /* HandMeMyShovelImGoingIn!_WillWood.mp3 */,
				EF1B138427E450860070A9A0 /* Razzmatazz_iDKHOW.mp3 */,
			);
			path = Music;
			sourceTree = "<group>";
		};
		EF1B138C27E4B6590070A9A0 /* AudioPlayer */ = {
			isa = PBXGroup;
			children = (
				EF1B138627E49CBC0070A9A0 /* MusicViewController.swift */,
				EFA9642C28151AC10011DF91 /* MusicPresenter.swift */,
				EF1B137327E38E250070A9A0 /* AudioPlayerViewController.swift */,
				EFA96434281677160011DF91 /* MusicViewModuleFactory.swift */,
			);
			path = AudioPlayer;
			sourceTree = "<group>";
		};
		EF1B138D27E4B6630070A9A0 /* VideoPlayer */ = {
			isa = PBXGroup;
			children = (
				EF1B139227E4BBD00070A9A0 /* VideoViewController.swift */,
				EFA9642A28151AAD0011DF91 /* VideoPresenter.swift */,
				EF1B139427E4CA0D0070A9A0 /* YoutubePlayerViewController.swift */,
				EFA96436281677340011DF91 /* VideoViewModuleFactory.swift */,
			);
			path = VideoPlayer;
			sourceTree = "<group>";
		};
		EF25DCCB26A6B85900577166 /* Storages */ = {
			isa = PBXGroup;
			children = (
				EF25DCB526A02A6E00577166 /* allPosts.swift */,
				EF25DCC526A466A600577166 /* allPhotos.swift */,
				EF1B137C27E446EE0070A9A0 /* TrackList.swift */,
				EF1B139027E4B6CD0070A9A0 /* VideoPlaylist.swift */,
			);
			path = Storages;
			sourceTree = "<group>";
		};
		EF25DCCC26A6B87400577166 /* Models */ = {
			isa = PBXGroup;
			children = (
				EFA96431281674E10011DF91 /* CustomUI */,
				EF1B138E27E4B69E0070A9A0 /* Video.swift */,
				EF1B137A27E446620070A9A0 /* Track.swift */,
				EFAE39B52732D2F500723701 /* ModuleFactory.swift */,
				EF25DCB726A02AFC00577166 /* PostVK.swift */,
				EFCCFEF626DA71A5007B4EBA /* addSubviews.swift */,
			);
			name = Models;
			path = Profile/Models;
			sourceTree = "<group>";
		};
		EF25DCCE26A6B8DD00577166 /* Photos */ = {
			isa = PBXGroup;
			children = (
				EF25DCC226A462D000577166 /* PhotosViewController.swift */,
				EFA9642F28151ADD0011DF91 /* PhotosPresenter.swift */,
				EF25DCC026A4626300577166 /* PhotosCollectionViewCell.swift */,
				EFA96438281677620011DF91 /* PhotosViewModuleFactory.swift */,
			);
			path = Photos;
			sourceTree = "<group>";
		};
		EF3D5A6127E5BCE8007BF7D3 /* Profile */ = {
			isa = PBXGroup;
			children = (
				EFCC66B02658E3C20090CD73 /* ProfileViewController.swift */,
				EF3D5A6227E5BD19007BF7D3 /* ProfilePresenter.swift */,
				EFAE39B1272D438600723701 /* ProfileCoordinator.swift */,
				EF1B136B27CA241A0070A9A0 /* ProfileViewModuleFactory.swift */,
				EFCCFEEC26DA6652007B4EBA /* UserData */,
				EFAFCFFC26F3914200C74923 /* Views */,
			);
			path = Profile;
			sourceTree = "<group>";
		};
		EF3D5A6427E5BD64007BF7D3 /* Login */ = {
			isa = PBXGroup;
			children = (
				EFA96433281675630011DF91 /* Models */,
				EF25DCB32691CD2500577166 /* LoginViewController.swift */,
				EF3D5A6A27E5C06D007BF7D3 /* LoginPresenter.swift */,
				EFAFD00326F6F0CE00C74923 /* LoginFactory.swift */,
			);
			path = Login;
			sourceTree = "<group>";
		};
		EF3D5A6727E5BE9C007BF7D3 /* Feed */ = {
			isa = PBXGroup;
			children = (
				EFA96432281675200011DF91 /* Models */,
				EFAE39AF272D437900723701 /* FeedCoordinator.swift */,
				060782B5250CE27700A87020 /* FeedController.swift */,
				EF3D5A6827E5BEFE007BF7D3 /* FeedPresenter.swift */,
				EF1B136927CA24000070A9A0 /* FeedViewModuleFactory.swift */,
			);
			path = Feed;
			sourceTree = "<group>";
		};
		EFA964262809AE880011DF91 /* Flows */ = {
			isa = PBXGroup;
			children = (
				EFA964272809AE940011DF91 /* Main */,
				EF3D5A6727E5BE9C007BF7D3 /* Feed */,
				EFCCFEBF26D6751A007B4EBA /* Post */,
				EF3D5A6127E5BCE8007BF7D3 /* Profile */,
				EF3D5A6427E5BD64007BF7D3 /* Login */,
			);
			path = Flows;
			sourceTree = "<group>";
		};
		EFA964272809AE940011DF91 /* Main */ = {
			isa = PBXGroup;
			children = (
				EFAE39AD272D3C1B00723701 /* MainCoordinator.swift */,
			);
			path = Main;
			sourceTree = "<group>";
		};
		EFA964282809AEE80011DF91 /* Library */ = {
			isa = PBXGroup;
			children = (
				EFA964292809AEF40011DF91 /* Navigation */,
			);
			path = Library;
			sourceTree = "<group>";
		};
		EFA964292809AEF40011DF91 /* Navigation */ = {
			isa = PBXGroup;
			children = (
				EFAE39B32732C7A300723701 /* Coordinator.swift */,
			);
			path = Navigation;
			sourceTree = "<group>";
		};
		EFA96431281674E10011DF91 /* CustomUI */ = {
			isa = PBXGroup;
			children = (
				EFE64ECF271BF9C0009C8CC2 /* CustomButton.swift */,
				EF1B137527E392DD0070A9A0 /* CustomPlayerButton.swift */,
				EFE64ED1271C4277009C8CC2 /* CustomTextFiled.swift */,
			);
			path = CustomUI;
			sourceTree = "<group>";
		};
		EFA96432281675200011DF91 /* Models */ = {
			isa = PBXGroup;
			children = (
				EF8B724E272585D80069457D /* TextFieldChecker.swift */,
			);
			path = Models;
			sourceTree = "<group>";
		};
		EFA96433281675630011DF91 /* Models */ = {
			isa = PBXGroup;
			children = (
				EF1B136D27D623760070A9A0 /* BruteForce.swift */,
				EFAFCFFF26F5D78600C74923 /* LogInControllerDelegate.swift */,
				EFAFCFFD26F3915400C74923 /* LogInChecker.swift */,
				EFAFD00126F5D8A000C74923 /* LoginInspector.swift */,
			);
			path = Models;
			sourceTree = "<group>";
		};
		EFAFCFFC26F3914200C74923 /* Views */ = {
			isa = PBXGroup;
			children = (
				EFCC66B22658E4070090CD73 /* ProfileHeaderView.swift */,
				EF25DCBC26A2FCAA00577166 /* ProfileTableHeaderView.swift */,
				EF25DCB926A02BBA00577166 /* PostTableViewCell.swift */,
				EF25DCC926A4754A00577166 /* PhotosTableViewCell.swift */,
			);
			path = Views;
			sourceTree = "<group>";
		};
		EFCCFEBF26D6751A007B4EBA /* Post */ = {
			isa = PBXGroup;
			children = (
				060782C5250CEB0A00A87020 /* InfoViewController.swift */,
				060782C7250CEE5D00A87020 /* PostViewController.swift */,
			);
			path = Post;
			sourceTree = "<group>";
		};
		EFCCFEC626D68724007B4EBA /* StorageService */ = {
			isa = PBXGroup;
			children = (
				EFCCFEC726D68724007B4EBA /* StorageService.h */,
				060782C9250CEE7200A87020 /* Post.swift */,
				EFCCFEC826D68724007B4EBA /* Info.plist */,
			);
			path = StorageService;
			sourceTree = "<group>";
		};
		EFCCFEEC26DA6652007B4EBA /* UserData */ = {
			isa = PBXGroup;
			children = (
				EFCCFEED26DA6662007B4EBA /* User.swift */,
				EFCCFEEF26DA6862007B4EBA /* UserService.swift */,
				EFCCFEF126DA6905007B4EBA /* CurrentUserService.swift */,
				EFCCFEF426DA6B5B007B4EBA /* TestUserService.swift */,
			);
			path = UserData;
			sourceTree = "<group>";
		};
/* End PBXGroup section */

/* Begin PBXHeadersBuildPhase section */
		EFCCFEC026D68724007B4EBA /* Headers */ = {
			isa = PBXHeadersBuildPhase;
			buildActionMask = 2147483647;
			files = (
				EFCCFED726D68724007B4EBA /* StorageService.h in Headers */,
			);
			runOnlyForDeploymentPostprocessing = 0;
		};
/* End PBXHeadersBuildPhase section */

/* Begin PBXNativeTarget section */
		060782AD250CE27700A87020 /* Navigation */ = {
			isa = PBXNativeTarget;
			buildConfigurationList = 060782C2250CE27A00A87020 /* Build configuration list for PBXNativeTarget "Navigation" */;
			buildPhases = (
				BF03B0DFC035FC8E4F639AF1 /* [CP] Check Pods Manifest.lock */,
				060782AA250CE27700A87020 /* Sources */,
				060782AB250CE27700A87020 /* Frameworks */,
				060782AC250CE27700A87020 /* Resources */,
				EFCCFEDC26D68724007B4EBA /* Embed Frameworks */,
				41A145351A281E3C3A4CF57F /* [CP] Embed Pods Frameworks */,
			);
			buildRules = (
			);
			dependencies = (
				EFCCFED926D68724007B4EBA /* PBXTargetDependency */,
			);
			name = Navigation;
			packageProductDependencies = (
				EF1F96E6278414BF00112D0C /* iOSIntPackage */,
			);
			productName = Navigation;
			productReference = 060782AE250CE27700A87020 /* Navigation.app */;
			productType = "com.apple.product-type.application";
		};
		EFCCFEC426D68724007B4EBA /* StorageService */ = {
			isa = PBXNativeTarget;
			buildConfigurationList = EFCCFEE126D68724007B4EBA /* Build configuration list for PBXNativeTarget "StorageService" */;
			buildPhases = (
				EFCCFEC026D68724007B4EBA /* Headers */,
				EFCCFEC126D68724007B4EBA /* Sources */,
				EFCCFEC226D68724007B4EBA /* Frameworks */,
				EFCCFEC326D68724007B4EBA /* Resources */,
			);
			buildRules = (
			);
			dependencies = (
			);
			name = StorageService;
			productName = StorageService;
			productReference = EFCCFEC526D68724007B4EBA /* StorageService.framework */;
			productType = "com.apple.product-type.framework";
		};
/* End PBXNativeTarget section */

/* Begin PBXProject section */
		060782A6250CE27700A87020 /* Project object */ = {
			isa = PBXProject;
			attributes = {
				LastSwiftUpdateCheck = 1250;
				LastUpgradeCheck = 1300;
				ORGANIZATIONNAME = "Artem Novichkov";
				TargetAttributes = {
					060782AD250CE27700A87020 = {
						CreatedOnToolsVersion = 11.7;
					};
					EFCCFEC426D68724007B4EBA = {
						CreatedOnToolsVersion = 12.5.1;
					};
				};
			};
			buildConfigurationList = 060782A9250CE27700A87020 /* Build configuration list for PBXProject "Navigation" */;
			compatibilityVersion = "Xcode 9.3";
			developmentRegion = en;
			hasScannedForEncodings = 0;
			knownRegions = (
				en,
				Base,
			);
			mainGroup = 060782A5250CE27700A87020;
			packageReferences = (
				EF1F96E5278414BF00112D0C /* XCRemoteSwiftPackageReference "iOSIntPackage" */,
			);
			productRefGroup = 060782AF250CE27700A87020 /* Products */;
			projectDirPath = "";
			projectRoot = "";
			targets = (
				060782AD250CE27700A87020 /* Navigation */,
				EFCCFEC426D68724007B4EBA /* StorageService */,
			);
		};
/* End PBXProject section */

/* Begin PBXResourcesBuildPhase section */
		060782AC250CE27700A87020 /* Resources */ = {
			isa = PBXResourcesBuildPhase;
			buildActionMask = 2147483647;
			files = (
				EF1B138327E44E130070A9A0 /* HandMeMyShovelImGoingIn!_WillWood.mp3 in Resources */,
				060782BE250CE27A00A87020 /* LaunchScreen.storyboard in Resources */,
				060782BB250CE27A00A87020 /* Assets.xcassets in Resources */,
				EF1B138B27E4AFF10070A9A0 /* AGoodSongNeverDies_SaintMotel.mp3 in Resources */,
				EF1B137927E397570070A9A0 /* PuppetLooselyStrung_theCorrespondents.mp3 in Resources */,
				EF1B138227E44E130070A9A0 /* IveNoMoreFucksToGive_ThomasBenjaminWild.mp3 in Resources */,
				EF1B138527E450860070A9A0 /* Razzmatazz_iDKHOW.mp3 in Resources */,
			);
			runOnlyForDeploymentPostprocessing = 0;
		};
		EFCCFEC326D68724007B4EBA /* Resources */ = {
			isa = PBXResourcesBuildPhase;
			buildActionMask = 2147483647;
			files = (
			);
			runOnlyForDeploymentPostprocessing = 0;
		};
/* End PBXResourcesBuildPhase section */

/* Begin PBXShellScriptBuildPhase section */
		41A145351A281E3C3A4CF57F /* [CP] Embed Pods Frameworks */ = {
			isa = PBXShellScriptBuildPhase;
			buildActionMask = 2147483647;
			files = (
			);
			inputFileListPaths = (
				"${PODS_ROOT}/Target Support Files/Pods-Navigation/Pods-Navigation-frameworks-${CONFIGURATION}-input-files.xcfilelist",
			);
			name = "[CP] Embed Pods Frameworks";
			outputFileListPaths = (
				"${PODS_ROOT}/Target Support Files/Pods-Navigation/Pods-Navigation-frameworks-${CONFIGURATION}-output-files.xcfilelist",
			);
			runOnlyForDeploymentPostprocessing = 0;
			shellPath = /bin/sh;
			shellScript = "\"${PODS_ROOT}/Target Support Files/Pods-Navigation/Pods-Navigation-frameworks.sh\"\n";
			showEnvVarsInLog = 0;
		};
		BF03B0DFC035FC8E4F639AF1 /* [CP] Check Pods Manifest.lock */ = {
			isa = PBXShellScriptBuildPhase;
			buildActionMask = 2147483647;
			files = (
			);
			inputFileListPaths = (
			);
			inputPaths = (
				"${PODS_PODFILE_DIR_PATH}/Podfile.lock",
				"${PODS_ROOT}/Manifest.lock",
			);
			name = "[CP] Check Pods Manifest.lock";
			outputFileListPaths = (
			);
			outputPaths = (
				"$(DERIVED_FILE_DIR)/Pods-Navigation-checkManifestLockResult.txt",
			);
			runOnlyForDeploymentPostprocessing = 0;
			shellPath = /bin/sh;
			shellScript = "diff \"${PODS_PODFILE_DIR_PATH}/Podfile.lock\" \"${PODS_ROOT}/Manifest.lock\" > /dev/null\nif [ $? != 0 ] ; then\n    # print error to STDERR\n    echo \"error: The sandbox is not in sync with the Podfile.lock. Run 'pod install' or update your CocoaPods installation.\" >&2\n    exit 1\nfi\n# This output is used by Xcode 'outputs' to avoid re-running this script phase.\necho \"SUCCESS\" > \"${SCRIPT_OUTPUT_FILE_0}\"\n";
			showEnvVarsInLog = 0;
		};
/* End PBXShellScriptBuildPhase section */

/* Begin PBXSourcesBuildPhase section */
		060782AA250CE27700A87020 /* Sources */ = {
			isa = PBXSourcesBuildPhase;
			buildActionMask = 2147483647;
			files = (
				EFE64ED2271C4277009C8CC2 /* CustomTextFiled.swift in Sources */,
				EFE64ED0271BF9C0009C8CC2 /* CustomButton.swift in Sources */,
				EFAE39B62732D2F500723701 /* ModuleFactory.swift in Sources */,
				EF25DCC626A466A600577166 /* allPhotos.swift in Sources */,
				EF25DCB42691CD2500577166 /* LoginViewController.swift in Sources */,
				EFCCFEF026DA6862007B4EBA /* UserService.swift in Sources */,
				EF1B139327E4BBD00070A9A0 /* VideoViewController.swift in Sources */,
				EF1B137427E38E250070A9A0 /* AudioPlayerViewController.swift in Sources */,
				EFA96439281677620011DF91 /* PhotosViewModuleFactory.swift in Sources */,
				EFAFCFFE26F3915400C74923 /* LogInChecker.swift in Sources */,
				EFA96435281677160011DF91 /* MusicViewModuleFactory.swift in Sources */,
				EFA9642B28151AAD0011DF91 /* VideoPresenter.swift in Sources */,
				EF25DCBD26A2FCAA00577166 /* ProfileTableHeaderView.swift in Sources */,
				EF3D5A6927E5BEFE007BF7D3 /* FeedPresenter.swift in Sources */,
				EFA9642D28151AC20011DF91 /* MusicPresenter.swift in Sources */,
				EFAE39B2272D438600723701 /* ProfileCoordinator.swift in Sources */,
				EFCCFEF226DA6905007B4EBA /* CurrentUserService.swift in Sources */,
				EFAFD00026F5D78600C74923 /* LogInControllerDelegate.swift in Sources */,
				060782B6250CE27700A87020 /* FeedController.swift in Sources */,
				EFA96437281677340011DF91 /* VideoViewModuleFactory.swift in Sources */,
				060782B2250CE27700A87020 /* AppDelegate.swift in Sources */,
				EF25DCCA26A4754A00577166 /* PhotosTableViewCell.swift in Sources */,
				EFCCFEF526DA6B5B007B4EBA /* TestUserService.swift in Sources */,
				EF1B139127E4B6CD0070A9A0 /* VideoPlaylist.swift in Sources */,
				EF1B136E27D623760070A9A0 /* BruteForce.swift in Sources */,
				EFAE39AE272D3C1B00723701 /* MainCoordinator.swift in Sources */,
				EF1B139527E4CA0D0070A9A0 /* YoutubePlayerViewController.swift in Sources */,
				060782C6250CEB0A00A87020 /* InfoViewController.swift in Sources */,
				EF3D5A6B27E5C06D007BF7D3 /* LoginPresenter.swift in Sources */,
				EF1B138F27E4B69E0070A9A0 /* Video.swift in Sources */,
				EFCC66B12658E3C20090CD73 /* ProfileViewController.swift in Sources */,
				EF3D5A6327E5BD19007BF7D3 /* ProfilePresenter.swift in Sources */,
				EF1B137627E392DD0070A9A0 /* CustomPlayerButton.swift in Sources */,
				EF1B136A27CA24000070A9A0 /* FeedViewModuleFactory.swift in Sources */,
				EFAE39B42732C7A300723701 /* Coordinator.swift in Sources */,
				EF1B138727E49CBC0070A9A0 /* MusicViewController.swift in Sources */,
				EF1B137B27E446620070A9A0 /* Track.swift in Sources */,
				060782B4250CE27700A87020 /* SceneDelegate.swift in Sources */,
				EFAFD00426F6F0CE00C74923 /* LoginFactory.swift in Sources */,
				EF25DCC126A4626300577166 /* PhotosCollectionViewCell.swift in Sources */,
				EFAFD00226F5D8A000C74923 /* LoginInspector.swift in Sources */,
				EF25DCC326A462D000577166 /* PhotosViewController.swift in Sources */,
				EF1B136C27CA241A0070A9A0 /* ProfileViewModuleFactory.swift in Sources */,
				EFCCFEEE26DA6662007B4EBA /* User.swift in Sources */,
				EFA9643028151ADD0011DF91 /* PhotosPresenter.swift in Sources */,
				EF25DCB626A02A6E00577166 /* allPosts.swift in Sources */,
				EFCCFEF726DA71A5007B4EBA /* addSubviews.swift in Sources */,
				EF25DCB826A02AFC00577166 /* PostVK.swift in Sources */,
				EFAE39B0272D437900723701 /* FeedCoordinator.swift in Sources */,
				EF1B137D27E446EE0070A9A0 /* TrackList.swift in Sources */,
				060782C8250CEE5D00A87020 /* PostViewController.swift in Sources */,
				EFCC66B32658E4070090CD73 /* ProfileHeaderView.swift in Sources */,
				EF8B724F272585D80069457D /* TextFieldChecker.swift in Sources */,
				EF25DCBA26A02BBA00577166 /* PostTableViewCell.swift in Sources */,
			);
			runOnlyForDeploymentPostprocessing = 0;
		};
		EFCCFEC126D68724007B4EBA /* Sources */ = {
			isa = PBXSourcesBuildPhase;
			buildActionMask = 2147483647;
			files = (
				EFCCFEE326D6878C007B4EBA /* Post.swift in Sources */,
			);
			runOnlyForDeploymentPostprocessing = 0;
		};
/* End PBXSourcesBuildPhase section */

/* Begin PBXTargetDependency section */
		EFCCFED926D68724007B4EBA /* PBXTargetDependency */ = {
			isa = PBXTargetDependency;
			target = EFCCFEC426D68724007B4EBA /* StorageService */;
			targetProxy = EFCCFED826D68724007B4EBA /* PBXContainerItemProxy */;
		};
/* End PBXTargetDependency section */

/* Begin PBXVariantGroup section */
		060782BC250CE27A00A87020 /* LaunchScreen.storyboard */ = {
			isa = PBXVariantGroup;
			children = (
				060782BD250CE27A00A87020 /* Base */,
			);
			name = LaunchScreen.storyboard;
			sourceTree = "<group>";
		};
/* End PBXVariantGroup section */

/* Begin XCBuildConfiguration section */
		060782C0250CE27A00A87020 /* Debug */ = {
			isa = XCBuildConfiguration;
			buildSettings = {
				ALWAYS_SEARCH_USER_PATHS = NO;
				CLANG_ANALYZER_NONNULL = YES;
				CLANG_ANALYZER_NUMBER_OBJECT_CONVERSION = YES_AGGRESSIVE;
				CLANG_CXX_LANGUAGE_STANDARD = "gnu++14";
				CLANG_CXX_LIBRARY = "libc++";
				CLANG_ENABLE_MODULES = YES;
				CLANG_ENABLE_OBJC_ARC = YES;
				CLANG_ENABLE_OBJC_WEAK = YES;
				CLANG_WARN_BLOCK_CAPTURE_AUTORELEASING = YES;
				CLANG_WARN_BOOL_CONVERSION = YES;
				CLANG_WARN_COMMA = YES;
				CLANG_WARN_CONSTANT_CONVERSION = YES;
				CLANG_WARN_DEPRECATED_OBJC_IMPLEMENTATIONS = YES;
				CLANG_WARN_DIRECT_OBJC_ISA_USAGE = YES_ERROR;
				CLANG_WARN_DOCUMENTATION_COMMENTS = YES;
				CLANG_WARN_EMPTY_BODY = YES;
				CLANG_WARN_ENUM_CONVERSION = YES;
				CLANG_WARN_INFINITE_RECURSION = YES;
				CLANG_WARN_INT_CONVERSION = YES;
				CLANG_WARN_NON_LITERAL_NULL_CONVERSION = YES;
				CLANG_WARN_OBJC_IMPLICIT_RETAIN_SELF = YES;
				CLANG_WARN_OBJC_LITERAL_CONVERSION = YES;
				CLANG_WARN_OBJC_ROOT_CLASS = YES_ERROR;
				CLANG_WARN_QUOTED_INCLUDE_IN_FRAMEWORK_HEADER = YES;
				CLANG_WARN_RANGE_LOOP_ANALYSIS = YES;
				CLANG_WARN_STRICT_PROTOTYPES = YES;
				CLANG_WARN_SUSPICIOUS_MOVE = YES;
				CLANG_WARN_UNGUARDED_AVAILABILITY = YES_AGGRESSIVE;
				CLANG_WARN_UNREACHABLE_CODE = YES;
				CLANG_WARN__DUPLICATE_METHOD_MATCH = YES;
				COPY_PHASE_STRIP = NO;
				DEBUG_INFORMATION_FORMAT = dwarf;
				ENABLE_STRICT_OBJC_MSGSEND = YES;
				ENABLE_TESTABILITY = YES;
				GCC_C_LANGUAGE_STANDARD = gnu11;
				GCC_DYNAMIC_NO_PIC = NO;
				GCC_NO_COMMON_BLOCKS = YES;
				GCC_OPTIMIZATION_LEVEL = 0;
				GCC_PREPROCESSOR_DEFINITIONS = (
					"DEBUG=1",
					"$(inherited)",
				);
				GCC_WARN_64_TO_32_BIT_CONVERSION = YES;
				GCC_WARN_ABOUT_RETURN_TYPE = YES_ERROR;
				GCC_WARN_UNDECLARED_SELECTOR = YES;
				GCC_WARN_UNINITIALIZED_AUTOS = YES_AGGRESSIVE;
				GCC_WARN_UNUSED_FUNCTION = YES;
				GCC_WARN_UNUSED_VARIABLE = YES;
				IPHONEOS_DEPLOYMENT_TARGET = 13.7;
				MTL_ENABLE_DEBUG_INFO = INCLUDE_SOURCE;
				MTL_FAST_MATH = YES;
				ONLY_ACTIVE_ARCH = YES;
				SDKROOT = iphoneos;
				SWIFT_ACTIVE_COMPILATION_CONDITIONS = DEBUG;
				SWIFT_OPTIMIZATION_LEVEL = "-Onone";
			};
			name = Debug;
		};
		060782C1250CE27A00A87020 /* Release */ = {
			isa = XCBuildConfiguration;
			buildSettings = {
				ALWAYS_SEARCH_USER_PATHS = NO;
				CLANG_ANALYZER_NONNULL = YES;
				CLANG_ANALYZER_NUMBER_OBJECT_CONVERSION = YES_AGGRESSIVE;
				CLANG_CXX_LANGUAGE_STANDARD = "gnu++14";
				CLANG_CXX_LIBRARY = "libc++";
				CLANG_ENABLE_MODULES = YES;
				CLANG_ENABLE_OBJC_ARC = YES;
				CLANG_ENABLE_OBJC_WEAK = YES;
				CLANG_WARN_BLOCK_CAPTURE_AUTORELEASING = YES;
				CLANG_WARN_BOOL_CONVERSION = YES;
				CLANG_WARN_COMMA = YES;
				CLANG_WARN_CONSTANT_CONVERSION = YES;
				CLANG_WARN_DEPRECATED_OBJC_IMPLEMENTATIONS = YES;
				CLANG_WARN_DIRECT_OBJC_ISA_USAGE = YES_ERROR;
				CLANG_WARN_DOCUMENTATION_COMMENTS = YES;
				CLANG_WARN_EMPTY_BODY = YES;
				CLANG_WARN_ENUM_CONVERSION = YES;
				CLANG_WARN_INFINITE_RECURSION = YES;
				CLANG_WARN_INT_CONVERSION = YES;
				CLANG_WARN_NON_LITERAL_NULL_CONVERSION = YES;
				CLANG_WARN_OBJC_IMPLICIT_RETAIN_SELF = YES;
				CLANG_WARN_OBJC_LITERAL_CONVERSION = YES;
				CLANG_WARN_OBJC_ROOT_CLASS = YES_ERROR;
				CLANG_WARN_QUOTED_INCLUDE_IN_FRAMEWORK_HEADER = YES;
				CLANG_WARN_RANGE_LOOP_ANALYSIS = YES;
				CLANG_WARN_STRICT_PROTOTYPES = YES;
				CLANG_WARN_SUSPICIOUS_MOVE = YES;
				CLANG_WARN_UNGUARDED_AVAILABILITY = YES_AGGRESSIVE;
				CLANG_WARN_UNREACHABLE_CODE = YES;
				CLANG_WARN__DUPLICATE_METHOD_MATCH = YES;
				COPY_PHASE_STRIP = NO;
				DEBUG_INFORMATION_FORMAT = "dwarf-with-dsym";
				ENABLE_NS_ASSERTIONS = NO;
				ENABLE_STRICT_OBJC_MSGSEND = YES;
				GCC_C_LANGUAGE_STANDARD = gnu11;
				GCC_NO_COMMON_BLOCKS = YES;
				GCC_WARN_64_TO_32_BIT_CONVERSION = YES;
				GCC_WARN_ABOUT_RETURN_TYPE = YES_ERROR;
				GCC_WARN_UNDECLARED_SELECTOR = YES;
				GCC_WARN_UNINITIALIZED_AUTOS = YES_AGGRESSIVE;
				GCC_WARN_UNUSED_FUNCTION = YES;
				GCC_WARN_UNUSED_VARIABLE = YES;
				IPHONEOS_DEPLOYMENT_TARGET = 13.7;
				MTL_ENABLE_DEBUG_INFO = NO;
				MTL_FAST_MATH = YES;
				SDKROOT = iphoneos;
				SWIFT_COMPILATION_MODE = wholemodule;
				SWIFT_OPTIMIZATION_LEVEL = "-O";
				VALIDATE_PRODUCT = YES;
			};
			name = Release;
		};
		060782C3250CE27A00A87020 /* Debug */ = {
			isa = XCBuildConfiguration;
			baseConfigurationReference = 22254A967C8FC10DA6513A88 /* Pods-Navigation.debug.xcconfig */;
			buildSettings = {
				ALWAYS_EMBED_SWIFT_STANDARD_LIBRARIES = YES;
				ASSETCATALOG_COMPILER_APPICON_NAME = AppIcon;
				CODE_SIGN_STYLE = Automatic;
				DEVELOPMENT_TEAM = A38548G3Y3;
				INFOPLIST_FILE = Navigation/Info.plist;
				IPHONEOS_DEPLOYMENT_TARGET = 13.6;
				LD_RUNPATH_SEARCH_PATHS = (
					"$(inherited)",
					"@executable_path/Frameworks",
				);
				PRODUCT_BUNDLE_IDENTIFIER = com.idontknowwhatimdoing.Navigation;
				PRODUCT_NAME = "$(TARGET_NAME)";
				SWIFT_VERSION = 5.0;
				TARGETED_DEVICE_FAMILY = "1,2";
			};
			name = Debug;
		};
		060782C4250CE27A00A87020 /* Release */ = {
			isa = XCBuildConfiguration;
			baseConfigurationReference = C2D3A9544C94E3C70DCDEF8A /* Pods-Navigation.release.xcconfig */;
			buildSettings = {
				ALWAYS_EMBED_SWIFT_STANDARD_LIBRARIES = YES;
				ASSETCATALOG_COMPILER_APPICON_NAME = AppIcon;
				CODE_SIGN_STYLE = Automatic;
				DEVELOPMENT_TEAM = A38548G3Y3;
				INFOPLIST_FILE = Navigation/Info.plist;
				IPHONEOS_DEPLOYMENT_TARGET = 13.6;
				LD_RUNPATH_SEARCH_PATHS = (
					"$(inherited)",
					"@executable_path/Frameworks",
				);
				PRODUCT_BUNDLE_IDENTIFIER = com.idontknowwhatimdoing.Navigation;
				PRODUCT_NAME = "$(TARGET_NAME)";
				SWIFT_VERSION = 5.0;
				TARGETED_DEVICE_FAMILY = "1,2";
			};
			name = Release;
		};
		EFCCFEDD26D68724007B4EBA /* Debug */ = {
			isa = XCBuildConfiguration;
			buildSettings = {
				CLANG_WARN_QUOTED_INCLUDE_IN_FRAMEWORK_HEADER = YES;
				CODE_SIGN_STYLE = Automatic;
				CURRENT_PROJECT_VERSION = 1;
				DEFINES_MODULE = YES;
				DEVELOPMENT_TEAM = 79RZ866842;
				DYLIB_COMPATIBILITY_VERSION = 1;
				DYLIB_CURRENT_VERSION = 1;
				DYLIB_INSTALL_NAME_BASE = "@rpath";
				INFOPLIST_FILE = StorageService/Info.plist;
				INSTALL_PATH = "$(LOCAL_LIBRARY_DIR)/Frameworks";
				IPHONEOS_DEPLOYMENT_TARGET = 13.6;
				LD_RUNPATH_SEARCH_PATHS = (
					"$(inherited)",
					"@executable_path/Frameworks",
					"@loader_path/Frameworks",
				);
				PRODUCT_BUNDLE_IDENTIFIER = com.idontknowwhatimdoing.StorageService;
				PRODUCT_NAME = "$(TARGET_NAME:c99extidentifier)";
				SKIP_INSTALL = YES;
				SUPPORTS_MACCATALYST = NO;
				SWIFT_VERSION = 5.0;
				TARGETED_DEVICE_FAMILY = "1,2";
				VERSIONING_SYSTEM = "apple-generic";
				VERSION_INFO_PREFIX = "";
			};
			name = Debug;
		};
		EFCCFEDE26D68724007B4EBA /* Release */ = {
			isa = XCBuildConfiguration;
			buildSettings = {
				CLANG_WARN_QUOTED_INCLUDE_IN_FRAMEWORK_HEADER = YES;
				CODE_SIGN_STYLE = Automatic;
				CURRENT_PROJECT_VERSION = 1;
				DEFINES_MODULE = YES;
				DEVELOPMENT_TEAM = 79RZ866842;
				DYLIB_COMPATIBILITY_VERSION = 1;
				DYLIB_CURRENT_VERSION = 1;
				DYLIB_INSTALL_NAME_BASE = "@rpath";
				INFOPLIST_FILE = StorageService/Info.plist;
				INSTALL_PATH = "$(LOCAL_LIBRARY_DIR)/Frameworks";
				IPHONEOS_DEPLOYMENT_TARGET = 13.6;
				LD_RUNPATH_SEARCH_PATHS = (
					"$(inherited)",
					"@executable_path/Frameworks",
					"@loader_path/Frameworks",
				);
				PRODUCT_BUNDLE_IDENTIFIER = com.idontknowwhatimdoing.StorageService;
				PRODUCT_NAME = "$(TARGET_NAME:c99extidentifier)";
				SKIP_INSTALL = YES;
				SUPPORTS_MACCATALYST = NO;
				SWIFT_VERSION = 5.0;
				TARGETED_DEVICE_FAMILY = "1,2";
				VERSIONING_SYSTEM = "apple-generic";
				VERSION_INFO_PREFIX = "";
			};
			name = Release;
		};
/* End XCBuildConfiguration section */

/* Begin XCConfigurationList section */
		060782A9250CE27700A87020 /* Build configuration list for PBXProject "Navigation" */ = {
			isa = XCConfigurationList;
			buildConfigurations = (
				060782C0250CE27A00A87020 /* Debug */,
				060782C1250CE27A00A87020 /* Release */,
			);
			defaultConfigurationIsVisible = 0;
			defaultConfigurationName = Release;
		};
		060782C2250CE27A00A87020 /* Build configuration list for PBXNativeTarget "Navigation" */ = {
			isa = XCConfigurationList;
			buildConfigurations = (
				060782C3250CE27A00A87020 /* Debug */,
				060782C4250CE27A00A87020 /* Release */,
			);
			defaultConfigurationIsVisible = 0;
			defaultConfigurationName = Release;
		};
		EFCCFEE126D68724007B4EBA /* Build configuration list for PBXNativeTarget "StorageService" */ = {
			isa = XCConfigurationList;
			buildConfigurations = (
				EFCCFEDD26D68724007B4EBA /* Debug */,
				EFCCFEDE26D68724007B4EBA /* Release */,
			);
			defaultConfigurationIsVisible = 0;
			defaultConfigurationName = Release;
		};
/* End XCConfigurationList section */

/* Begin XCRemoteSwiftPackageReference section */
		EF1F96E5278414BF00112D0C /* XCRemoteSwiftPackageReference "iOSIntPackage" */ = {
			isa = XCRemoteSwiftPackageReference;
			repositoryURL = "https://github.com/TrueMax/iOSIntPackage";
			requirement = {
				branch = imagepublisher;
				kind = branch;
			};
		};
/* End XCRemoteSwiftPackageReference section */

/* Begin XCSwiftPackageProductDependency section */
		EF1F96E6278414BF00112D0C /* iOSIntPackage */ = {
			isa = XCSwiftPackageProductDependency;
			package = EF1F96E5278414BF00112D0C /* XCRemoteSwiftPackageReference "iOSIntPackage" */;
			productName = iOSIntPackage;
		};
/* End XCSwiftPackageProductDependency section */
	};
	rootObject = 060782A6250CE27700A87020 /* Project object */;
}
